
Microsoft Visual Studio Solution File, Format Version 11.00
# Visual Studio 2010
# SharpDevelop 4.4
Project("{FAE04EC0-301F-11D3-BF4B-00C04F79EFBC}") = "tools", "tools.csproj", "{205569C0-E955-4224-B311-B4200F1F49EE}"
EndProject
Global
	GlobalSection(SolutionConfigurationPlatforms) = preSolution
		Debug|Any CPU = Debug|Any CPU
		Release|Any CPU = Release|Any CPU
	EndGlobalSection
	GlobalSection(ProjectConfigurationPlatforms) = postSolution
		{205569C0-E955-4224-B311-B4200F1F49EE}.Debug|Any CPU.ActiveCfg = Debug|Any CPU
		{205569C0-E955-4224-B311-B4200F1F49EE}.Debug|Any CPU.Build.0 = Debug|Any CPU
		{205569C0-E955-4224-B311-B4200F1F49EE}.Release|Any CPU.ActiveCfg = Release|Any CPU
		{205569C0-E955-4224-B311-B4200F1F49EE}.Release|Any CPU.Build.0 = Release|Any CPU
	EndGlobalSection
	GlobalSection(SolutionProperties) = preSolution
		HideSolutionNode = FALSE
	EndGlobalSection
EndGlobal
